// !$*UTF8*$!
{
	archiveVersion = 1;
	classes = {
	};
	objectVersion = 46;
	objects = {

/* Begin PBXBuildFile section */
		04AD31A91775A9410023E015 /* UIKit.framework in Frameworks */ = {isa = PBXBuildFile; fileRef = 04AD31A81775A9410023E015 /* UIKit.framework */; };
		04AD31AB1775A9410023E015 /* Foundation.framework in Frameworks */ = {isa = PBXBuildFile; fileRef = 04AD31AA1775A9410023E015 /* Foundation.framework */; };
		04AD31AD1775A9410023E015 /* CoreGraphics.framework in Frameworks */ = {isa = PBXBuildFile; fileRef = 04AD31AC1775A9410023E015 /* CoreGraphics.framework */; };
		04AD31B31775A9410023E015 /* InfoPlist.strings in Resources */ = {isa = PBXBuildFile; fileRef = 04AD31B11775A9410023E015 /* InfoPlist.strings */; };
		04AD31B51775A9410023E015 /* main.m in Sources */ = {isa = PBXBuildFile; fileRef = 04AD31B41775A9410023E015 /* main.m */; };
		04AD31B91775A9410023E015 /* AppDelegate.m in Sources */ = {isa = PBXBuildFile; fileRef = 04AD31B81775A9410023E015 /* AppDelegate.m */; };
		04AD31BB1775A9410023E015 /* Default.png in Resources */ = {isa = PBXBuildFile; fileRef = 04AD31BA1775A9410023E015 /* Default.png */; };
		04AD31BD1775A9410023E015 /* Default@2x.png in Resources */ = {isa = PBXBuildFile; fileRef = 04AD31BC1775A9410023E015 /* Default@2x.png */; };
		04AD31BF1775A9410023E015 /* Default-568h@2x.png in Resources */ = {isa = PBXBuildFile; fileRef = 04AD31BE1775A9410023E015 /* Default-568h@2x.png */; };
		04AD31C21775A9410023E015 /* MainStoryboard.storyboard in Resources */ = {isa = PBXBuildFile; fileRef = 04AD31C01775A9410023E015 /* MainStoryboard.storyboard */; };
		04AD31C51775A9410023E015 /* ViewController.m in Sources */ = {isa = PBXBuildFile; fileRef = 04AD31C41775A9410023E015 /* ViewController.m */; };
		A11DDEDB18C9D3CF0012FA2F /* opencv2.framework in Frameworks */ = {isa = PBXBuildFile; fileRef = A11DDEDA18C9D3CF0012FA2F /* opencv2.framework */; };
		A14C18941910C3FA008E825F /* capture-icon.png in Resources */ = {isa = PBXBuildFile; fileRef = A14C18931910C3FA008E825F /* capture-icon.png */; };
		A16F18AA178C0FCC00B31BCC /* FixedRadViewController.m in Sources */ = {isa = PBXBuildFile; fileRef = A16F18A9178C0FCC00B31BCC /* FixedRadViewController.m */; };
		A17335F9177DA54200CD6920 /* CV_Utils.mm in Sources */ = {isa = PBXBuildFile; fileRef = A17335F8177DA54200CD6920 /* CV_Utils.mm */; };
		A17335FB177DA57F00CD6920 /* CoreImage.framework in Frameworks */ = {isa = PBXBuildFile; fileRef = A17335FA177DA57F00CD6920 /* CoreImage.framework */; };
		A1733604177DAC2700CD6920 /* libopencv_core.a in Frameworks */ = {isa = PBXBuildFile; fileRef = A1733601177DAC2700CD6920 /* libopencv_core.a */; };
		A1733605177DAC2700CD6920 /* libopencv_imgproc.a in Frameworks */ = {isa = PBXBuildFile; fileRef = A1733602177DAC2700CD6920 /* libopencv_imgproc.a */; };
		A1733606177DAC2700CD6920 /* libopencv_objdetect.a in Frameworks */ = {isa = PBXBuildFile; fileRef = A1733603177DAC2700CD6920 /* libopencv_objdetect.a */; };
		A1733608177DAC4800CD6920 /* Accelerate.framework in Frameworks */ = {isa = PBXBuildFile; fileRef = A1733607177DAC4800CD6920 /* Accelerate.framework */; };
		A18DDC2B17F5659F00452337 /* UnusedMethods in Resources */ = {isa = PBXBuildFile; fileRef = A18DDC2A17F5659F00452337 /* UnusedMethods */; };
		A193CC31179009E900CEE4C6 /* button.png in Resources */ = {isa = PBXBuildFile; fileRef = A193CC30179009E900CEE4C6 /* button.png */; };
		A19543D5178EC11E006B1B45 /* white.png in Resources */ = {isa = PBXBuildFile; fileRef = A19543D4178EC11E006B1B45 /* white.png */; };
		A19704D717CF4CCF004C5425 /* blue.png in Resources */ = {isa = PBXBuildFile; fileRef = A19704D617CF4CCF004C5425 /* blue.png */; };
		A19FA7761793CD500004EEB5 /* Exemplar.m in Sources */ = {isa = PBXBuildFile; fileRef = A19FA7751793CD500004EEB5 /* Exemplar.m */; };
		A1A2D91B178D625600EA8E71 /* crosshair.png in Resources */ = {isa = PBXBuildFile; fileRef = A1A2D91A178D625500EA8E71 /* crosshair.png */; };
/* End PBXBuildFile section */

/* Begin PBXFileReference section */
		04AD31A41775A9410023E015 /* StoryDemo.app */ = {isa = PBXFileReference; explicitFileType = wrapper.application; includeInIndex = 0; path = StoryDemo.app; sourceTree = BUILT_PRODUCTS_DIR; };
		04AD31A81775A9410023E015 /* UIKit.framework */ = {isa = PBXFileReference; lastKnownFileType = wrapper.framework; name = UIKit.framework; path = System/Library/Frameworks/UIKit.framework; sourceTree = SDKROOT; };
		04AD31AA1775A9410023E015 /* Foundation.framework */ = {isa = PBXFileReference; lastKnownFileType = wrapper.framework; name = Foundation.framework; path = System/Library/Frameworks/Foundation.framework; sourceTree = SDKROOT; };
		04AD31AC1775A9410023E015 /* CoreGraphics.framework */ = {isa = PBXFileReference; lastKnownFileType = wrapper.framework; name = CoreGraphics.framework; path = System/Library/Frameworks/CoreGraphics.framework; sourceTree = SDKROOT; };
		04AD31B01775A9410023E015 /* StoryDemo-Info.plist */ = {isa = PBXFileReference; lastKnownFileType = text.plist.xml; path = "StoryDemo-Info.plist"; sourceTree = "<group>"; };
		04AD31B21775A9410023E015 /* en */ = {isa = PBXFileReference; lastKnownFileType = text.plist.strings; name = en; path = en.lproj/InfoPlist.strings; sourceTree = "<group>"; };
		04AD31B41775A9410023E015 /* main.m */ = {isa = PBXFileReference; lastKnownFileType = sourcecode.c.objc; path = main.m; sourceTree = "<group>"; };
		04AD31B61775A9410023E015 /* StoryDemo-Prefix.pch */ = {isa = PBXFileReference; lastKnownFileType = sourcecode.c.h; path = "StoryDemo-Prefix.pch"; sourceTree = "<group>"; };
		04AD31B71775A9410023E015 /* AppDelegate.h */ = {isa = PBXFileReference; lastKnownFileType = sourcecode.c.h; path = AppDelegate.h; sourceTree = "<group>"; };
		04AD31B81775A9410023E015 /* AppDelegate.m */ = {isa = PBXFileReference; lastKnownFileType = sourcecode.c.objc; path = AppDelegate.m; sourceTree = "<group>"; };
		04AD31BA1775A9410023E015 /* Default.png */ = {isa = PBXFileReference; lastKnownFileType = image.png; path = Default.png; sourceTree = "<group>"; };
		04AD31BC1775A9410023E015 /* Default@2x.png */ = {isa = PBXFileReference; lastKnownFileType = image.png; path = "Default@2x.png"; sourceTree = "<group>"; };
		04AD31BE1775A9410023E015 /* Default-568h@2x.png */ = {isa = PBXFileReference; lastKnownFileType = image.png; path = "Default-568h@2x.png"; sourceTree = "<group>"; };
		04AD31C11775A9410023E015 /* en */ = {isa = PBXFileReference; lastKnownFileType = file.storyboard; name = en; path = en.lproj/MainStoryboard.storyboard; sourceTree = "<group>"; };
		04AD31C31775A9410023E015 /* ViewController.h */ = {isa = PBXFileReference; lastKnownFileType = sourcecode.c.h; path = ViewController.h; sourceTree = "<group>"; };
		04AD31C41775A9410023E015 /* ViewController.m */ = {isa = PBXFileReference; lastKnownFileType = sourcecode.c.objc; path = ViewController.m; sourceTree = "<group>"; };
		A11DDEDA18C9D3CF0012FA2F /* opencv2.framework */ = {isa = PBXFileReference; lastKnownFileType = wrapper.framework; name = opencv2.framework; path = ../../../openCV/ios/opencv2.framework; sourceTree = "<group>"; };
		A14C18931910C3FA008E825F /* capture-icon.png */ = {isa = PBXFileReference; lastKnownFileType = image.png; path = "capture-icon.png"; sourceTree = "<group>"; };
		A16F18A8178C0FCC00B31BCC /* FixedRadViewController.h */ = {isa = PBXFileReference; fileEncoding = 4; lastKnownFileType = sourcecode.c.h; path = FixedRadViewController.h; sourceTree = "<group>"; };
		A16F18A9178C0FCC00B31BCC /* FixedRadViewController.m */ = {isa = PBXFileReference; fileEncoding = 4; lastKnownFileType = sourcecode.c.objc; path = FixedRadViewController.m; sourceTree = "<group>"; };
		A17335F7177DA54200CD6920 /* CV_Utils.h */ = {isa = PBXFileReference; fileEncoding = 4; lastKnownFileType = sourcecode.c.h; path = CV_Utils.h; sourceTree = "<group>"; };
		A17335F8177DA54200CD6920 /* CV_Utils.mm */ = {isa = PBXFileReference; fileEncoding = 4; lastKnownFileType = sourcecode.cpp.objcpp; path = CV_Utils.mm; sourceTree = "<group>"; };
		A17335FA177DA57F00CD6920 /* CoreImage.framework */ = {isa = PBXFileReference; lastKnownFileType = wrapper.framework; name = CoreImage.framework; path = System/Library/Frameworks/CoreImage.framework; sourceTree = SDKROOT; };
		A1733601177DAC2700CD6920 /* libopencv_core.a */ = {isa = PBXFileReference; lastKnownFileType = archive.ar; path = libopencv_core.a; sourceTree = "<group>"; };
		A1733602177DAC2700CD6920 /* libopencv_imgproc.a */ = {isa = PBXFileReference; lastKnownFileType = archive.ar; path = libopencv_imgproc.a; sourceTree = "<group>"; };
		A1733603177DAC2700CD6920 /* libopencv_objdetect.a */ = {isa = PBXFileReference; lastKnownFileType = archive.ar; path = libopencv_objdetect.a; sourceTree = "<group>"; };
		A1733607177DAC4800CD6920 /* Accelerate.framework */ = {isa = PBXFileReference; lastKnownFileType = wrapper.framework; name = Accelerate.framework; path = System/Library/Frameworks/Accelerate.framework; sourceTree = SDKROOT; };
		A18DDC2A17F5659F00452337 /* UnusedMethods */ = {isa = PBXFileReference; fileEncoding = 4; lastKnownFileType = text; path = UnusedMethods; sourceTree = "<group>"; };
		A193CC30179009E900CEE4C6 /* button.png */ = {isa = PBXFileReference; lastKnownFileType = image.png; path = button.png; sourceTree = "<group>"; };
		A19543D4178EC11E006B1B45 /* white.png */ = {isa = PBXFileReference; lastKnownFileType = image.png; path = white.png; sourceTree = "<group>"; };
		A19704D617CF4CCF004C5425 /* blue.png */ = {isa = PBXFileReference; lastKnownFileType = image.png; path = blue.png; sourceTree = "<group>"; };
		A19FA7741793CD500004EEB5 /* Exemplar.h */ = {isa = PBXFileReference; fileEncoding = 4; lastKnownFileType = sourcecode.c.h; path = Exemplar.h; sourceTree = "<group>"; };
		A19FA7751793CD500004EEB5 /* Exemplar.m */ = {isa = PBXFileReference; fileEncoding = 4; lastKnownFileType = sourcecode.c.objc; path = Exemplar.m; sourceTree = "<group>"; xcLanguageSpecificationIdentifier = xcode.lang.objc; };
		A1A2D91A178D625500EA8E71 /* crosshair.png */ = {isa = PBXFileReference; lastKnownFileType = image.png; path = crosshair.png; sourceTree = "<group>"; };
/* End PBXFileReference section */

/* Begin PBXFrameworksBuildPhase section */
		04AD31A11775A9410023E015 /* Frameworks */ = {
			isa = PBXFrameworksBuildPhase;
			buildActionMask = 2147483647;
			files = (
				A11DDEDB18C9D3CF0012FA2F /* opencv2.framework in Frameworks */,
				A1733608177DAC4800CD6920 /* Accelerate.framework in Frameworks */,
				A17335FB177DA57F00CD6920 /* CoreImage.framework in Frameworks */,
				04AD31A91775A9410023E015 /* UIKit.framework in Frameworks */,
				04AD31AB1775A9410023E015 /* Foundation.framework in Frameworks */,
				04AD31AD1775A9410023E015 /* CoreGraphics.framework in Frameworks */,
				A1733604177DAC2700CD6920 /* libopencv_core.a in Frameworks */,
				A1733605177DAC2700CD6920 /* libopencv_imgproc.a in Frameworks */,
				A1733606177DAC2700CD6920 /* libopencv_objdetect.a in Frameworks */,
			);
			runOnlyForDeploymentPostprocessing = 0;
		};
/* End PBXFrameworksBuildPhase section */

/* Begin PBXGroup section */
		04AD31991775A9410023E015 = {
			isa = PBXGroup;
			children = (
				A1733607177DAC4800CD6920 /* Accelerate.framework */,
				A1733600177DAC1000CD6920 /* Libraries */,
				A17335FA177DA57F00CD6920 /* CoreImage.framework */,
				04AD31AE1775A9410023E015 /* StoryDemo */,
				04AD31A71775A9410023E015 /* Frameworks */,
				04AD31A51775A9410023E015 /* Products */,
			);
			sourceTree = "<group>";
		};
		04AD31A51775A9410023E015 /* Products */ = {
			isa = PBXGroup;
			children = (
				04AD31A41775A9410023E015 /* StoryDemo.app */,
			);
			name = Products;
			sourceTree = "<group>";
		};
		04AD31A71775A9410023E015 /* Frameworks */ = {
			isa = PBXGroup;
			children = (
				A11DDEDA18C9D3CF0012FA2F /* opencv2.framework */,
				04AD31A81775A9410023E015 /* UIKit.framework */,
				04AD31AA1775A9410023E015 /* Foundation.framework */,
				04AD31AC1775A9410023E015 /* CoreGraphics.framework */,
			);
			name = Frameworks;
			sourceTree = "<group>";
		};
		04AD31AE1775A9410023E015 /* StoryDemo */ = {
			isa = PBXGroup;
			children = (
				A14C18921910BE6C008E825F /* ObjectRemoval */,
				A1D576CB179A759100E91EFC /* Images */,
				04AD31B71775A9410023E015 /* AppDelegate.h */,
				04AD31B81775A9410023E015 /* AppDelegate.m */,
				04AD31C01775A9410023E015 /* MainStoryboard.storyboard */,
				04AD31BE1775A9410023E015 /* Default-568h@2x.png */,
				04AD31C31775A9410023E015 /* ViewController.h */,
				04AD31C41775A9410023E015 /* ViewController.m */,
				A16F18A8178C0FCC00B31BCC /* FixedRadViewController.h */,
				A16F18A9178C0FCC00B31BCC /* FixedRadViewController.m */,
				04AD31AF1775A9410023E015 /* Supporting Files */,
			);
			path = StoryDemo;
			sourceTree = "<group>";
		};
		04AD31AF1775A9410023E015 /* Supporting Files */ = {
			isa = PBXGroup;
			children = (
				04AD31B01775A9410023E015 /* StoryDemo-Info.plist */,
				04AD31B11775A9410023E015 /* InfoPlist.strings */,
				04AD31B41775A9410023E015 /* main.m */,
				04AD31B61775A9410023E015 /* StoryDemo-Prefix.pch */,
				04AD31BA1775A9410023E015 /* Default.png */,
				04AD31BC1775A9410023E015 /* Default@2x.png */,
				A18DDC2A17F5659F00452337 /* UnusedMethods */,
			);
			name = "Supporting Files";
			sourceTree = "<group>";
		};
		A14C18921910BE6C008E825F /* ObjectRemoval */ = {
			isa = PBXGroup;
			children = (
				A17335F7177DA54200CD6920 /* CV_Utils.h */,
				A17335F8177DA54200CD6920 /* CV_Utils.mm */,
				A19FA7741793CD500004EEB5 /* Exemplar.h */,
				A19FA7751793CD500004EEB5 /* Exemplar.m */,
			);
			name = ObjectRemoval;
			sourceTree = "<group>";
		};
		A1733600177DAC1000CD6920 /* Libraries */ = {
			isa = PBXGroup;
			children = (
				A1733601177DAC2700CD6920 /* libopencv_core.a */,
				A1733602177DAC2700CD6920 /* libopencv_imgproc.a */,
				A1733603177DAC2700CD6920 /* libopencv_objdetect.a */,
			);
			name = Libraries;
			sourceTree = "<group>";
		};
		A1D576CB179A759100E91EFC /* Images */ = {
			isa = PBXGroup;
			children = (
				A14C18931910C3FA008E825F /* capture-icon.png */,
				A19704D617CF4CCF004C5425 /* blue.png */,
				A193CC30179009E900CEE4C6 /* button.png */,
				A19543D4178EC11E006B1B45 /* white.png */,
				A1A2D91A178D625500EA8E71 /* crosshair.png */,
			);
			name = Images;
			sourceTree = "<group>";
		};
/* End PBXGroup section */

/* Begin PBXNativeTarget section */
		04AD31A31775A9410023E015 /* StoryDemo */ = {
			isa = PBXNativeTarget;
			buildConfigurationList = 04AD31C81775A9410023E015 /* Build configuration list for PBXNativeTarget "StoryDemo" */;
			buildPhases = (
				04AD31A01775A9410023E015 /* Sources */,
				04AD31A11775A9410023E015 /* Frameworks */,
				04AD31A21775A9410023E015 /* Resources */,
			);
			buildRules = (
			);
			dependencies = (
			);
			name = StoryDemo;
			productName = StoryDemo;
			productReference = 04AD31A41775A9410023E015 /* StoryDemo.app */;
			productType = "com.apple.product-type.application";
		};
/* End PBXNativeTarget section */

/* Begin PBXProject section */
		04AD319B1775A9410023E015 /* Project object */ = {
			isa = PBXProject;
			attributes = {
				LastUpgradeCheck = 0450;
				ORGANIZATIONNAME = Mac;
			};
			buildConfigurationList = 04AD319E1775A9410023E015 /* Build configuration list for PBXProject "StoryDemo" */;
			compatibilityVersion = "Xcode 3.2";
			developmentRegion = English;
			hasScannedForEncodings = 0;
			knownRegions = (
				en,
			);
			mainGroup = 04AD31991775A9410023E015;
			productRefGroup = 04AD31A51775A9410023E015 /* Products */;
			projectDirPath = "";
			projectRoot = "";
			targets = (
				04AD31A31775A9410023E015 /* StoryDemo */,
			);
		};
/* End PBXProject section */

/* Begin PBXResourcesBuildPhase section */
		04AD31A21775A9410023E015 /* Resources */ = {
			isa = PBXResourcesBuildPhase;
			buildActionMask = 2147483647;
			files = (
				04AD31B31775A9410023E015 /* InfoPlist.strings in Resources */,
				04AD31BB1775A9410023E015 /* Default.png in Resources */,
				04AD31BD1775A9410023E015 /* Default@2x.png in Resources */,
				04AD31BF1775A9410023E015 /* Default-568h@2x.png in Resources */,
				A14C18941910C3FA008E825F /* capture-icon.png in Resources */,
				04AD31C21775A9410023E015 /* MainStoryboard.storyboard in Resources */,
				A1A2D91B178D625600EA8E71 /* crosshair.png in Resources */,
				A19543D5178EC11E006B1B45 /* white.png in Resources */,
				A193CC31179009E900CEE4C6 /* button.png in Resources */,
				A19704D717CF4CCF004C5425 /* blue.png in Resources */,
				A18DDC2B17F5659F00452337 /* UnusedMethods in Resources */,
			);
			runOnlyForDeploymentPostprocessing = 0;
		};
/* End PBXResourcesBuildPhase section */

/* Begin PBXSourcesBuildPhase section */
		04AD31A01775A9410023E015 /* Sources */ = {
			isa = PBXSourcesBuildPhase;
			buildActionMask = 2147483647;
			files = (
				04AD31B51775A9410023E015 /* main.m in Sources */,
				04AD31B91775A9410023E015 /* AppDelegate.m in Sources */,
				04AD31C51775A9410023E015 /* ViewController.m in Sources */,
				A17335F9177DA54200CD6920 /* CV_Utils.mm in Sources */,
				A16F18AA178C0FCC00B31BCC /* FixedRadViewController.m in Sources */,
				A19FA7761793CD500004EEB5 /* Exemplar.m in Sources */,
			);
			runOnlyForDeploymentPostprocessing = 0;
		};
/* End PBXSourcesBuildPhase section */

/* Begin PBXVariantGroup section */
		04AD31B11775A9410023E015 /* InfoPlist.strings */ = {
			isa = PBXVariantGroup;
			children = (
				04AD31B21775A9410023E015 /* en */,
			);
			name = InfoPlist.strings;
			sourceTree = "<group>";
		};
		04AD31C01775A9410023E015 /* MainStoryboard.storyboard */ = {
			isa = PBXVariantGroup;
			children = (
				04AD31C11775A9410023E015 /* en */,
			);
			name = MainStoryboard.storyboard;
			sourceTree = "<group>";
		};
/* End PBXVariantGroup section */

/* Begin XCBuildConfiguration section */
		04AD31C61775A9410023E015 /* Debug */ = {
			isa = XCBuildConfiguration;
			buildSettings = {
				ALWAYS_SEARCH_USER_PATHS = NO;
				CLANG_CXX_LANGUAGE_STANDARD = "gnu++0x";
				CLANG_CXX_LIBRARY = "libc++";
				CLANG_WARN_EMPTY_BODY = YES;
				CLANG_WARN__DUPLICATE_METHOD_MATCH = YES;
				"CODE_SIGN_IDENTITY[sdk=iphoneos*]" = "iPhone Developer";
				COPY_PHASE_STRIP = NO;
				GCC_C_LANGUAGE_STANDARD = gnu99;
				GCC_DYNAMIC_NO_PIC = NO;
				GCC_OPTIMIZATION_LEVEL = 0;
				GCC_PREPROCESSOR_DEFINITIONS = (
					"DEBUG=1",
					"$(inherited)",
				);
				GCC_SYMBOLS_PRIVATE_EXTERN = NO;
				GCC_WARN_ABOUT_RETURN_TYPE = YES;
				GCC_WARN_UNINITIALIZED_AUTOS = YES;
				GCC_WARN_UNUSED_VARIABLE = YES;
				HEADER_SEARCH_PATHS = (
					/opt/local/include,
					/opt/local/include/opencv,
				);
				IPHONEOS_DEPLOYMENT_TARGET = 6.0;
				SDKROOT = iphoneos;
			};
			name = Debug;
		};
		04AD31C71775A9410023E015 /* Release */ = {
			isa = XCBuildConfiguration;
			buildSettings = {
				ALWAYS_SEARCH_USER_PATHS = NO;
				CLANG_CXX_LANGUAGE_STANDARD = "gnu++0x";
				CLANG_CXX_LIBRARY = "libc++";
				CLANG_WARN_EMPTY_BODY = YES;
				CLANG_WARN__DUPLICATE_METHOD_MATCH = YES;
				"CODE_SIGN_IDENTITY[sdk=iphoneos*]" = "iPhone Developer";
				COPY_PHASE_STRIP = YES;
				GCC_C_LANGUAGE_STANDARD = gnu99;
				GCC_WARN_ABOUT_RETURN_TYPE = YES;
				GCC_WARN_UNINITIALIZED_AUTOS = YES;
				GCC_WARN_UNUSED_VARIABLE = YES;
				HEADER_SEARCH_PATHS = (
					/opt/local/include,
					/opt/local/include/opencv,
				);
				IPHONEOS_DEPLOYMENT_TARGET = 6.0;
				OTHER_CFLAGS = "-DNS_BLOCK_ASSERTIONS=1";
				SDKROOT = iphoneos;
				VALIDATE_PRODUCT = YES;
			};
			name = Release;
		};
		04AD31C91775A9410023E015 /* Debug */ = {
			isa = XCBuildConfiguration;
			buildSettings = {
				FRAMEWORK_SEARCH_PATHS = (
					"$(inherited)",
					"\\\"$(SRCROOT)/../../desktop/openCV/ios\\\"",
					"\\\"$(SRCROOT)/../../../desktop/openCV/ios\\\"",
					/Users/agniva/Desktop/openCV/ios,
				);
				GCC_PRECOMPILE_PREFIX_HEADER = YES;
				GCC_PREFIX_HEADER = "StoryDemo/StoryDemo-Prefix.pch";
				INFOPLIST_FILE = "StoryDemo/StoryDemo-Info.plist";
				LIBRARY_SEARCH_PATHS = (
					"$(inherited)",
					"\"$(SRCROOT)\"",
				);
				PRODUCT_NAME = "$(TARGET_NAME)";
				WRAPPER_EXTENSION = app;
			};
			name = Debug;
		};
		04AD31CA1775A9410023E015 /* Release */ = {
			isa = XCBuildConfiguration;
			buildSettings = {
				FRAMEWORK_SEARCH_PATHS = (
					"$(inherited)",
					"\\\"$(SRCROOT)/../../desktop/openCV/ios\\\"",
					"\\\"$(SRCROOT)/../../../desktop/openCV/ios\\\"",
					/Users/agniva/Desktop/openCV/ios,
				);
				GCC_PRECOMPILE_PREFIX_HEADER = YES;
				GCC_PREFIX_HEADER = "StoryDemo/StoryDemo-Prefix.pch";
				INFOPLIST_FILE = "StoryDemo/StoryDemo-Info.plist";
				LIBRARY_SEARCH_PATHS = (
					"$(inherited)",
					"\"$(SRCROOT)\"",
				);
				PRODUCT_NAME = "$(TARGET_NAME)";
				WRAPPER_EXTENSION = app;
			};
			name = Release;
		};
/* End XCBuildConfiguration section */

/* Begin XCConfigurationList section */
		04AD319E1775A9410023E015 /* Build configuration list for PBXProject "StoryDemo" */ = {
			isa = XCConfigurationList;
			buildConfigurations = (
				04AD31C61775A9410023E015 /* Debug */,
				04AD31C71775A9410023E015 /* Release */,
			);
			defaultConfigurationIsVisible = 0;
			defaultConfigurationName = Release;
		};
		04AD31C81775A9410023E015 /* Build configuration list for PBXNativeTarget "StoryDemo" */ = {
			isa = XCConfigurationList;
			buildConfigurations = (
				04AD31C91775A9410023E015 /* Debug */,
				04AD31CA1775A9410023E015 /* Release */,
			);
			defaultConfigurationIsVisible = 0;
			defaultConfigurationName = Release;
		};
/* End XCConfigurationList section */
	};
	rootObject = 04AD319B1775A9410023E015 /* Project object */;
}
